
Microsoft Visual Studio Solution File, Format Version 12.00
# Visual Studio Version 17
VisualStudioVersion = 17.7.34031.279
MinimumVisualStudioVersion = 10.0.40219.1
Project("{FAE04EC0-301F-11D3-BF4B-00C04F79EFBC}") = "OOP1", "OOP1.csproj", "{9093BB80-92CB-445D-BA9D-21FDF2156743}"
EndProject
Global
	GlobalSection(SolutionConfigurationPlatforms) = preSolution
		Debug|Any CPU = Debug|Any CPU
		Release|Any CPU = Release|Any CPU
	EndGlobalSection
	GlobalSection(ProjectConfigurationPlatforms) = postSolution
		{9093BB80-92CB-445D-BA9D-21FDF2156743}.Debug|Any CPU.ActiveCfg = Debug|Any CPU
		{9093BB80-92CB-445D-BA9D-21FDF2156743}.Debug|Any CPU.Build.0 = Debug|Any CPU
		{9093BB80-92CB-445D-BA9D-21FDF2156743}.Release|Any CPU.ActiveCfg = Release|Any CPU
		{9093BB80-92CB-445D-BA9D-21FDF2156743}.Release|Any CPU.Build.0 = Release|Any CPU
	EndGlobalSection
	GlobalSection(SolutionProperties) = preSolution
		HideSolutionNode = FALSE
	EndGlobalSection
	GlobalSection(ExtensibilityGlobals) = postSolution
		SolutionGuid = {1B6C093B-DC61-4C94-9837-5447DF006B29}
	EndGlobalSection
EndGlobal
